
Microsoft Visual Studio Solution File, Format Version 12.00
# Visual Studio Version 16
VisualStudioVersion = 16.0.31019.35
MinimumVisualStudioVersion = 10.0.40219.1
Project("{FAE04EC0-301F-11D3-BF4B-00C04F79EFBC}") = "SmartHome", "SmartHome.csproj", "{69233DFB-8654-4B12-965C-CBF9B19B7CCA}"
EndProject
Global
	GlobalSection(SolutionConfigurationPlatforms) = preSolution
		Debug|Any CPU = Debug|Any CPU
		Release|Any CPU = Release|Any CPU
	EndGlobalSection
	GlobalSection(ProjectConfigurationPlatforms) = postSolution
		{69233DFB-8654-4B12-965C-CBF9B19B7CCA}.Debug|Any CPU.ActiveCfg = Debug|Any CPU
		{69233DFB-8654-4B12-965C-CBF9B19B7CCA}.Debug|Any CPU.Build.0 = Debug|Any CPU
		{69233DFB-8654-4B12-965C-CBF9B19B7CCA}.Release|Any CPU.ActiveCfg = Release|Any CPU
		{69233DFB-8654-4B12-965C-CBF9B19B7CCA}.Release|Any CPU.Build.0 = Release|Any CPU
	EndGlobalSection
	GlobalSection(SolutionProperties) = preSolution
		HideSolutionNode = FALSE
	EndGlobalSection
	GlobalSection(ExtensibilityGlobals) = postSolution
		SolutionGuid = {67B5F9FD-E3EA-4051-BBE9-5822ECCA27A4}
	EndGlobalSection
EndGlobal
